
Microsoft Visual Studio Solution File, Format Version 12.00
# Visual Studio Version 17
VisualStudioVersion = 17.12.35527.113
MinimumVisualStudioVersion = 10.0.40219.1
Project("{8BC9CEB8-8B4A-11D0-8D11-00A0C91BC942}") = "Test1", "Test1\Test1.vcxproj", "{16056C20-89C7-405F-8508-A6EA9C5B6F5F}"
EndProject
Project("{8BC9CEB8-8B4A-11D0-8D11-00A0C91BC942}") = "CStaticTest", "CStaticTest\CStaticTest.vcxproj", "{5741C21C-5FE3-4B65-9D8F-B0971DEB595F}"
EndProject
Project("{8BC9CEB8-8B4A-11D0-8D11-00A0C91BC942}") = "CEditTest", "CEditTest\CEditTest.vcxproj", "{FE8BAAF9-2AF7-4200-ABD8-53A4CA4B3CF7}"
EndProject
Project("{8BC9CEB8-8B4A-11D0-8D11-00A0C91BC942}") = "CButtonTest", "CButtonTest\CButtonTest.vcxproj", "{A3CEBFBF-A329-43B1-963F-5587B86D201A}"
EndProject
Project("{8BC9CEB8-8B4A-11D0-8D11-00A0C91BC942}") = "CComboBoxTest", "CComboBoxTest\CComboBoxTest.vcxproj", "{5D0F53FD-2139-482F-9422-CEDD6969EB5E}"
EndProject
Project("{8BC9CEB8-8B4A-11D0-8D11-00A0C91BC942}") = "CListCtrlTest", "CListCtrlTest\CListCtrlTest.vcxproj", "{4097EBC4-1723-43C1-AF0C-CABD04C64164}"
EndProject
Global
	GlobalSection(SolutionConfigurationPlatforms) = preSolution
		Debug|x64 = Debug|x64
		Debug|x86 = Debug|x86
		Release|x64 = Release|x64
		Release|x86 = Release|x86
	EndGlobalSection
	GlobalSection(ProjectConfigurationPlatforms) = postSolution
		{16056C20-89C7-405F-8508-A6EA9C5B6F5F}.Debug|x64.ActiveCfg = Debug|x64
		{16056C20-89C7-405F-8508-A6EA9C5B6F5F}.Debug|x64.Build.0 = Debug|x64
		{16056C20-89C7-405F-8508-A6EA9C5B6F5F}.Debug|x86.ActiveCfg = Debug|Win32
		{16056C20-89C7-405F-8508-A6EA9C5B6F5F}.Debug|x86.Build.0 = Debug|Win32
		{16056C20-89C7-405F-8508-A6EA9C5B6F5F}.Release|x64.ActiveCfg = Release|x64
		{16056C20-89C7-405F-8508-A6EA9C5B6F5F}.Release|x64.Build.0 = Release|x64
		{16056C20-89C7-405F-8508-A6EA9C5B6F5F}.Release|x86.ActiveCfg = Release|Win32
		{16056C20-89C7-405F-8508-A6EA9C5B6F5F}.Release|x86.Build.0 = Release|Win32
		{5741C21C-5FE3-4B65-9D8F-B0971DEB595F}.Debug|x64.ActiveCfg = Debug|x64
		{5741C21C-5FE3-4B65-9D8F-B0971DEB595F}.Debug|x64.Build.0 = Debug|x64
		{5741C21C-5FE3-4B65-9D8F-B0971DEB595F}.Debug|x86.ActiveCfg = Debug|Win32
		{5741C21C-5FE3-4B65-9D8F-B0971DEB595F}.Debug|x86.Build.0 = Debug|Win32
		{5741C21C-5FE3-4B65-9D8F-B0971DEB595F}.Release|x64.ActiveCfg = Release|x64
		{5741C21C-5FE3-4B65-9D8F-B0971DEB595F}.Release|x64.Build.0 = Release|x64
		{5741C21C-5FE3-4B65-9D8F-B0971DEB595F}.Release|x86.ActiveCfg = Release|Win32
		{5741C21C-5FE3-4B65-9D8F-B0971DEB595F}.Release|x86.Build.0 = Release|Win32
		{FE8BAAF9-2AF7-4200-ABD8-53A4CA4B3CF7}.Debug|x64.ActiveCfg = Debug|x64
		{FE8BAAF9-2AF7-4200-ABD8-53A4CA4B3CF7}.Debug|x64.Build.0 = Debug|x64
		{FE8BAAF9-2AF7-4200-ABD8-53A4CA4B3CF7}.Debug|x86.ActiveCfg = Debug|Win32
		{FE8BAAF9-2AF7-4200-ABD8-53A4CA4B3CF7}.Debug|x86.Build.0 = Debug|Win32
		{FE8BAAF9-2AF7-4200-ABD8-53A4CA4B3CF7}.Release|x64.ActiveCfg = Release|x64
		{FE8BAAF9-2AF7-4200-ABD8-53A4CA4B3CF7}.Release|x64.Build.0 = Release|x64
		{FE8BAAF9-2AF7-4200-ABD8-53A4CA4B3CF7}.Release|x86.ActiveCfg = Release|Win32
		{FE8BAAF9-2AF7-4200-ABD8-53A4CA4B3CF7}.Release|x86.Build.0 = Release|Win32
		{A3CEBFBF-A329-43B1-963F-5587B86D201A}.Debug|x64.ActiveCfg = Debug|x64
		{A3CEBFBF-A329-43B1-963F-5587B86D201A}.Debug|x64.Build.0 = Debug|x64
		{A3CEBFBF-A329-43B1-963F-5587B86D201A}.Debug|x86.ActiveCfg = Debug|Win32
		{A3CEBFBF-A329-43B1-963F-5587B86D201A}.Debug|x86.Build.0 = Debug|Win32
		{A3CEBFBF-A329-43B1-963F-5587B86D201A}.Release|x64.ActiveCfg = Release|x64
		{A3CEBFBF-A329-43B1-963F-5587B86D201A}.Release|x64.Build.0 = Release|x64
		{A3CEBFBF-A329-43B1-963F-5587B86D201A}.Release|x86.ActiveCfg = Release|Win32
		{A3CEBFBF-A329-43B1-963F-5587B86D201A}.Release|x86.Build.0 = Release|Win32
		{5D0F53FD-2139-482F-9422-CEDD6969EB5E}.Debug|x64.ActiveCfg = Debug|x64
		{5D0F53FD-2139-482F-9422-CEDD6969EB5E}.Debug|x64.Build.0 = Debug|x64
		{5D0F53FD-2139-482F-9422-CEDD6969EB5E}.Debug|x86.ActiveCfg = Debug|Win32
		{5D0F53FD-2139-482F-9422-CEDD6969EB5E}.Debug|x86.Build.0 = Debug|Win32
		{5D0F53FD-2139-482F-9422-CEDD6969EB5E}.Release|x64.ActiveCfg = Release|x64
		{5D0F53FD-2139-482F-9422-CEDD6969EB5E}.Release|x64.Build.0 = Release|x64
		{5D0F53FD-2139-482F-9422-CEDD6969EB5E}.Release|x86.ActiveCfg = Release|Win32
		{5D0F53FD-2139-482F-9422-CEDD6969EB5E}.Release|x86.Build.0 = Release|Win32
		{4097EBC4-1723-43C1-AF0C-CABD04C64164}.Debug|x64.ActiveCfg = Debug|x64
		{4097EBC4-1723-43C1-AF0C-CABD04C64164}.Debug|x64.Build.0 = Debug|x64
		{4097EBC4-1723-43C1-AF0C-CABD04C64164}.Debug|x86.ActiveCfg = Debug|Win32
		{4097EBC4-1723-43C1-AF0C-CABD04C64164}.Debug|x86.Build.0 = Debug|Win32
		{4097EBC4-1723-43C1-AF0C-CABD04C64164}.Release|x64.ActiveCfg = Release|x64
		{4097EBC4-1723-43C1-AF0C-CABD04C64164}.Release|x64.Build.0 = Release|x64
		{4097EBC4-1723-43C1-AF0C-CABD04C64164}.Release|x86.ActiveCfg = Release|Win32
		{4097EBC4-1723-43C1-AF0C-CABD04C64164}.Release|x86.Build.0 = Release|Win32
	EndGlobalSection
	GlobalSection(SolutionProperties) = preSolution
		HideSolutionNode = FALSE
	EndGlobalSection
EndGlobal
